# This file is autogenerated, do not edit; changes may be undone by the next 'dep ensure'.


[[projects]]
  name = "github.com/PuerkitoBio/purell"
  packages = ["."]
  revision = "8a290539e2e8629dbc4e6bad948158f790ec31f4"
  version = "v1.0.0"

[[projects]]
  name = "github.com/PuerkitoBio/urlesc"
  packages = ["."]
  revision = "5bd2802263f21d8788851d5305584c82a5c75d7e"

[[projects]]
  name = "github.com/asaskevich/govalidator"
  packages = ["."]
  revision = "7b3beb6df3c42abd3509abfc3bcacc0fbfb7c877"
  version = "v5"

[[projects]]
  name = "github.com/fsnotify/fsnotify"
  packages = ["."]
  revision = "f12c6236fe7b5cf6bcf30e5935d08cb079d78334"

[[projects]]
  name = "github.com/go-openapi/analysis"
  packages = ["."]
  revision = "7222828b8ce19afee3c595aef6643b9e42150120"

[[projects]]
  name = "github.com/go-openapi/errors"
  packages = ["."]
  revision = "49fe8b3a0e0d32a617d8d50c67f856ad6e45b28b"

[[projects]]
  name = "github.com/go-openapi/jsonpointer"
  packages = ["."]
  revision = "8d96a2dc61536b690bd36b2e9df0b3c0b62825b2"

[[projects]]
  name = "github.com/go-openapi/jsonreference"
  packages = ["."]
  revision = "36d33bfe519efae5632669801b180bf1a245da3b"

[[projects]]
  name = "github.com/go-openapi/loads"
  packages = ["."]
  revision = "5861a4879a2866943dce3c644c879af9e59c22a3"

[[projects]]
  name = "github.com/go-openapi/runtime"
  packages = ["."]
  revision = "12c07accf0687ab20b1e7b6293d8012ce282499c"

[[projects]]
  name = "github.com/go-openapi/spec"
  packages = ["."]
  revision = "d1c18b339aece4b16ead6d253b85b6ad7180ea54"

[[projects]]
  name = "github.com/go-openapi/strfmt"
  packages = ["."]
  revision = "34fc3ba7c0f5fb615fda47a2b4fbd4c641b215f2"

[[projects]]
  name = "github.com/go-openapi/swag"
  packages = ["."]
  revision = "3b6d86cd965820f968760d5d419cb4add096bdd7"

[[projects]]
  name = "github.com/go-openapi/validate"
  packages = ["."]
  revision = "027696d4b54399770f1cdcc6c6daa56975f9e14e"

[[projects]]
  name = "github.com/hashicorp/hcl"
  packages = [
    ".",
    "hcl/ast",
    "hcl/parser",
    "hcl/scanner",
    "hcl/strconv",
    "hcl/token",
    "json/parser",
    "json/scanner",
    "json/token"
  ]
  revision = "1c284ec98f4b398443cbabb0d9197f7f4cc0077c"

[[projects]]
  name = "github.com/inconshreveable/mousetrap"
  packages = ["."]
  revision = "76626ae9c91c4f2a10f34cad8ce83ea42c93bb75"
  version = "v1.0"

[[projects]]
  name = "github.com/magiconair/properties"
  packages = ["."]
  revision = "0723e352fa358f9322c938cc2dadda874e9151a9"

[[projects]]
  name = "github.com/mailru/easyjson"
  packages = [
    "buffer",
    "jlexer",
    "jwriter"
  ]
  revision = "159cdb893c982e3d1bc6450322fedd514f9c9de3"

[[projects]]
  name = "github.com/mitchellh/mapstructure"
  packages = ["."]
  revision = "d2dd0262208475919e1a362f675cfc0e7c10e905"

[[projects]]
  name = "github.com/moul/http2curl"
  packages = ["."]
  revision = "b1479103caacaa39319f75e7f57fc545287fca0d"

[[projects]]
  name = "github.com/parnurzeal/gorequest"
  packages = ["."]
  revision = "72b36f5004492e232ddc3b67c17060b252231000"

[[projects]]
  name = "github.com/pelletier/go-buffruneio"
  packages = ["."]
  revision = "df1e16fde7fc330a0ca68167c23bf7ed6ac31d6d"
  version = "v0.1.0"

[[projects]]
  name = "github.com/pelletier/go-toml"
  packages = ["."]
  revision = "45932ad32dfdd20826f5671da37a5f3ce9f26a8d"

[[projects]]
  name = "github.com/spf13/afero"
  packages = [
    ".",
    "mem"
  ]
  revision = "06b7e5f50606ecd49148a01a6008942d9b669217"

[[projects]]
  name = "github.com/spf13/cast"
  packages = ["."]
  revision = "2580bc98dc0e62908119e4737030cc2fdfc45e4c"

[[projects]]
  name = "github.com/spf13/cobra"
  packages = ["."]
  revision = "6e91dded25d73176bf7f60b40dd7aa1f0bf9be8d"

[[projects]]
  name = "github.com/spf13/jwalterweatherman"
  packages = ["."]
  revision = "33c24e77fb80341fe7130ee7c594256ff08ccc46"

[[projects]]
  name = "github.com/spf13/pflag"
  packages = ["."]
  revision = "5ccb023bc27df288a957c5e994cd44fd19619465"

[[projects]]
  name = "github.com/spf13/viper"
  packages = ["."]
  revision = "651d9d916abc3c3d6a91a12549495caba5edffd2"

[[projects]]
  name = "golang.org/x/net"
  packages = [
    "context",
    "idna",
    "publicsuffix"
  ]
  revision = "2e9cee70ee697e0a2ef894b560dda50dec7dff58"

[[projects]]
  name = "golang.org/x/sys"
  packages = ["unix"]
  revision = "20457ee8ea8546920d3f4e19e405da45250dc5a5"

[[projects]]
  name = "golang.org/x/text"
  packages = [
    "cases",
    "internal",
    "internal/gen",
    "internal/tag",
    "internal/triegen",
    "internal/ucd",
    "language",
    "runes",
    "secure/bidirule",
    "secure/precis",
    "transform",
    "unicode/bidi",
    "unicode/cldr",
    "unicode/norm",
    "unicode/rangetable",
    "width"
  ]
  revision = "a263ba8db058568bb9beba166777d9c9dbe75d68"

[[projects]]
  name = "gopkg.in/yaml.v2"
  packages = ["."]
  revision = "a5b47d31c556af34a302ce5d659e6fea44d90de0"

[solve-meta]
  analyzer-name = "dep"
  analyzer-version = 1
  inputs-digest = "04247c4de0b3a9395ff9ae8d003e31884a7ead0780ef0544e7d434706a94598d"
  solver-name = "gps-cdcl"
  solver-version = 1
